// !$*UTF8*$!
{
	archiveVersion = 1;
	classes = {
	};
	objectVersion = 52;
	objects = {

/* Begin PBXBuildFile section */
		3622FDDD239DBC1F00B942D1 /* NewTodoViewController.swift in Sources */ = {isa = PBXBuildFile; fileRef = 3622FDDC239DBC1F00B942D1 /* NewTodoViewController.swift */; };
		3622FDE0239DBD2300B942D1 /* StorageData.swift in Sources */ = {isa = PBXBuildFile; fileRef = 3622FDDF239DBD2300B942D1 /* StorageData.swift */; };
		368D58B3239C375400E4F1EE /* AppDelegate.swift in Sources */ = {isa = PBXBuildFile; fileRef = 368D58B2239C375400E4F1EE /* AppDelegate.swift */; };
		368D58B5239C375400E4F1EE /* SceneDelegate.swift in Sources */ = {isa = PBXBuildFile; fileRef = 368D58B4239C375400E4F1EE /* SceneDelegate.swift */; };
		368D58BC239C375A00E4F1EE /* Assets.xcassets in Resources */ = {isa = PBXBuildFile; fileRef = 368D58BB239C375A00E4F1EE /* Assets.xcassets */; };
		368D58D3239C53EE00E4F1EE /* TodoListViewController.swift in Sources */ = {isa = PBXBuildFile; fileRef = 368D58D2239C53EE00E4F1EE /* TodoListViewController.swift */; };
		368D58D7239C546100E4F1EE /* Main.storyboard in Resources */ = {isa = PBXBuildFile; fileRef = 368D58D6239C546100E4F1EE /* Main.storyboard */; };
		368D58E2239C693F00E4F1EE /* LaunchScreen.storyboard in Resources */ = {isa = PBXBuildFile; fileRef = 368D58E1239C693E00E4F1EE /* LaunchScreen.storyboard */; };
		368D58E4239C6DC300E4F1EE /* item.swift in Sources */ = {isa = PBXBuildFile; fileRef = 368D58E3239C6DC300E4F1EE /* item.swift */; };
		368D58E7239C702200E4F1EE /* CustomTableViewCell.swift in Sources */ = {isa = PBXBuildFile; fileRef = 368D58E6239C702200E4F1EE /* CustomTableViewCell.swift */; };
		36DBAD0F239E4CE200DEC171 /* CloudKit.framework in Frameworks */ = {isa = PBXBuildFile; fileRef = 36DBAD0E239E4CE200DEC171 /* CloudKit.framework */; };
		36DBAD11239E521200DEC171 /* CloudManager.swift in Sources */ = {isa = PBXBuildFile; fileRef = 36DBAD10239E521200DEC171 /* CloudManager.swift */; };
		EBEA5D48E241088C7AD05A50 /* Pods_todo_list.framework in Frameworks */ = {isa = PBXBuildFile; fileRef = A17ADF9FC7AD9F4C1EE8973D /* Pods_todo_list.framework */; };
/* End PBXBuildFile section */

/* Begin PBXFileReference section */
		3622FDDC239DBC1F00B942D1 /* NewTodoViewController.swift */ = {isa = PBXFileReference; fileEncoding = 4; lastKnownFileType = sourcecode.swift; path = NewTodoViewController.swift; sourceTree = "<group>"; };
		3622FDDF239DBD2300B942D1 /* StorageData.swift */ = {isa = PBXFileReference; fileEncoding = 4; lastKnownFileType = sourcecode.swift; path = StorageData.swift; sourceTree = "<group>"; };
		3622FDE1239DC7D900B942D1 /* todo-list.entitlements */ = {isa = PBXFileReference; lastKnownFileType = text.plist.entitlements; path = "todo-list.entitlements"; sourceTree = "<group>"; };
		368D58AF239C375400E4F1EE /* todo-list.app */ = {isa = PBXFileReference; explicitFileType = wrapper.application; includeInIndex = 0; path = "todo-list.app"; sourceTree = BUILT_PRODUCTS_DIR; };
		368D58B2239C375400E4F1EE /* AppDelegate.swift */ = {isa = PBXFileReference; lastKnownFileType = sourcecode.swift; path = AppDelegate.swift; sourceTree = "<group>"; };
		368D58B4239C375400E4F1EE /* SceneDelegate.swift */ = {isa = PBXFileReference; lastKnownFileType = sourcecode.swift; path = SceneDelegate.swift; sourceTree = "<group>"; };
		368D58BB239C375A00E4F1EE /* Assets.xcassets */ = {isa = PBXFileReference; lastKnownFileType = folder.assetcatalog; path = Assets.xcassets; sourceTree = "<group>"; };
		368D58C3239C375A00E4F1EE /* Info.plist */ = {isa = PBXFileReference; lastKnownFileType = text.plist.xml; path = Info.plist; sourceTree = "<group>"; };
		368D58D2239C53EE00E4F1EE /* TodoListViewController.swift */ = {isa = PBXFileReference; fileEncoding = 4; lastKnownFileType = sourcecode.swift; path = TodoListViewController.swift; sourceTree = "<group>"; };
		368D58D6239C546100E4F1EE /* Main.storyboard */ = {isa = PBXFileReference; fileEncoding = 4; lastKnownFileType = file.storyboard; path = Main.storyboard; sourceTree = "<group>"; };
		368D58E1239C693E00E4F1EE /* LaunchScreen.storyboard */ = {isa = PBXFileReference; fileEncoding = 4; lastKnownFileType = file.storyboard; path = LaunchScreen.storyboard; sourceTree = "<group>"; };
		368D58E3239C6DC300E4F1EE /* item.swift */ = {isa = PBXFileReference; fileEncoding = 4; lastKnownFileType = sourcecode.swift; name = item.swift; path = "todo-list/Models/item.swift"; sourceTree = SOURCE_ROOT; };
		368D58E6239C702200E4F1EE /* CustomTableViewCell.swift */ = {isa = PBXFileReference; lastKnownFileType = sourcecode.swift; path = CustomTableViewCell.swift; sourceTree = "<group>"; };
		36DBAD0E239E4CE200DEC171 /* CloudKit.framework */ = {isa = PBXFileReference; lastKnownFileType = wrapper.framework; name = CloudKit.framework; path = System/Library/Frameworks/CloudKit.framework; sourceTree = SDKROOT; };
		36DBAD10239E521200DEC171 /* CloudManager.swift */ = {isa = PBXFileReference; lastKnownFileType = sourcecode.swift; path = CloudManager.swift; sourceTree = "<group>"; };
		4DBFF8D99C7E0A4158CF73C9 /* Pods-todo-list.release.xcconfig */ = {isa = PBXFileReference; includeInIndex = 1; lastKnownFileType = text.xcconfig; name = "Pods-todo-list.release.xcconfig"; path = "Target Support Files/Pods-todo-list/Pods-todo-list.release.xcconfig"; sourceTree = "<group>"; };
		A17ADF9FC7AD9F4C1EE8973D /* Pods_todo_list.framework */ = {isa = PBXFileReference; explicitFileType = wrapper.framework; includeInIndex = 0; path = Pods_todo_list.framework; sourceTree = BUILT_PRODUCTS_DIR; };
		FBFBD15CD32BE9E94AD976B9 /* Pods-todo-list.debug.xcconfig */ = {isa = PBXFileReference; includeInIndex = 1; lastKnownFileType = text.xcconfig; name = "Pods-todo-list.debug.xcconfig"; path = "Target Support Files/Pods-todo-list/Pods-todo-list.debug.xcconfig"; sourceTree = "<group>"; };
/* End PBXFileReference section */

/* Begin PBXFrameworksBuildPhase section */
		368D58AC239C375400E4F1EE /* Frameworks */ = {
			isa = PBXFrameworksBuildPhase;
			buildActionMask = 2147483647;
			files = (
				EBEA5D48E241088C7AD05A50 /* Pods_todo_list.framework in Frameworks */,
				36DBAD0F239E4CE200DEC171 /* CloudKit.framework in Frameworks */,
			);
			runOnlyForDeploymentPostprocessing = 0;
		};
/* End PBXFrameworksBuildPhase section */

/* Begin PBXGroup section */
		0B7CD531241FEF893FB84A10 /* Pods */ = {
			isa = PBXGroup;
			children = (
				FBFBD15CD32BE9E94AD976B9 /* Pods-todo-list.debug.xcconfig */,
				4DBFF8D99C7E0A4158CF73C9 /* Pods-todo-list.release.xcconfig */,
			);
			path = Pods;
			sourceTree = "<group>";
		};
		3622FDDE239DBD2300B942D1 /* Storage */ = {
			isa = PBXGroup;
			children = (
				3622FDDF239DBD2300B942D1 /* StorageData.swift */,
				36DBAD10239E521200DEC171 /* CloudManager.swift */,
			);
			path = Storage;
			sourceTree = "<group>";
		};
		368D58A6239C375400E4F1EE = {
			isa = PBXGroup;
			children = (
				368D58B1239C375400E4F1EE /* todo-list */,
				368D58B0239C375400E4F1EE /* Products */,
				0B7CD531241FEF893FB84A10 /* Pods */,
				8484848560EA14AC3FA86184 /* Frameworks */,
			);
			sourceTree = "<group>";
		};
		368D58B0239C375400E4F1EE /* Products */ = {
			isa = PBXGroup;
			children = (
				368D58AF239C375400E4F1EE /* todo-list.app */,
			);
			name = Products;
			sourceTree = "<group>";
		};
		368D58B1239C375400E4F1EE /* todo-list */ = {
			isa = PBXGroup;
			children = (
				3622FDDE239DBD2300B942D1 /* Storage */,
				368D58B4239C375400E4F1EE /* SceneDelegate.swift */,
				368D58CA239C4BE900E4F1EE /* Views */,
				368D58DA239C558500E4F1EE /* Models */,
				368D58C9239C4BD300E4F1EE /* Controllers */,
				368D58CB239C4C1C00E4F1EE /* Support FIles */,
				368D58C3239C375A00E4F1EE /* Info.plist */,
			);
			path = "todo-list";
			sourceTree = "<group>";
		};
		368D58C9239C4BD300E4F1EE /* Controllers */ = {
			isa = PBXGroup;
			children = (
				3622FDDC239DBC1F00B942D1 /* NewTodoViewController.swift */,
				368D58D2239C53EE00E4F1EE /* TodoListViewController.swift */,
				368D58E5239C6F4800E4F1EE /* Custom */,
			);
			path = Controllers;
			sourceTree = "<group>";
		};
		368D58CA239C4BE900E4F1EE /* Views */ = {
			isa = PBXGroup;
			children = (
				368D58D6239C546100E4F1EE /* Main.storyboard */,
			);
			path = Views;
			sourceTree = "<group>";
		};
		368D58CB239C4C1C00E4F1EE /* Support FIles */ = {
			isa = PBXGroup;
			children = (
				368D58B2239C375400E4F1EE /* AppDelegate.swift */,
				3622FDE1239DC7D900B942D1 /* todo-list.entitlements */,
				368D58E1239C693E00E4F1EE /* LaunchScreen.storyboard */,
				368D58BB239C375A00E4F1EE /* Assets.xcassets */,
			);
			path = "Support FIles";
			sourceTree = "<group>";
		};
		368D58DA239C558500E4F1EE /* Models */ = {
			isa = PBXGroup;
			children = (
				368D58E3239C6DC300E4F1EE /* item.swift */,
			);
			name = Models;
			path = ../Models;
			sourceTree = "<group>";
		};
		368D58E5239C6F4800E4F1EE /* Custom */ = {
			isa = PBXGroup;
			children = (
				368D58E6239C702200E4F1EE /* CustomTableViewCell.swift */,
			);
			path = Custom;
			sourceTree = "<group>";
		};
		8484848560EA14AC3FA86184 /* Frameworks */ = {
			isa = PBXGroup;
			children = (
				36DBAD0E239E4CE200DEC171 /* CloudKit.framework */,
				A17ADF9FC7AD9F4C1EE8973D /* Pods_todo_list.framework */,
			);
			name = Frameworks;
			sourceTree = "<group>";
		};
/* End PBXGroup section */

/* Begin PBXNativeTarget section */
		368D58AE239C375400E4F1EE /* todo-list */ = {
			isa = PBXNativeTarget;
			buildConfigurationList = 368D58C6239C375A00E4F1EE /* Build configuration list for PBXNativeTarget "todo-list" */;
			buildPhases = (
				C0021161915A3C62BA0D6D22 /* [CP] Check Pods Manifest.lock */,
				368D58AB239C375400E4F1EE /* Sources */,
				368D58AC239C375400E4F1EE /* Frameworks */,
				368D58AD239C375400E4F1EE /* Resources */,
				8A28E637A4A5771E827A865B /* [CP] Embed Pods Frameworks */,
			);
			buildRules = (
			);
			dependencies = (
			);
			name = "todo-list";
			productName = "todo-list";
			productReference = 368D58AF239C375400E4F1EE /* todo-list.app */;
			productType = "com.apple.product-type.application";
		};
/* End PBXNativeTarget section */

/* Begin PBXProject section */
		368D58A7239C375400E4F1EE /* Project object */ = {
			isa = PBXProject;
			attributes = {
				LastSwiftUpdateCheck = 1110;
				LastUpgradeCheck = 1110;
				ORGANIZATIONNAME = "Ivan Vyalov";
				TargetAttributes = {
					368D58AE239C375400E4F1EE = {
						CreatedOnToolsVersion = 11.1;
					};
				};
			};
			buildConfigurationList = 368D58AA239C375400E4F1EE /* Build configuration list for PBXProject "todo-list" */;
			compatibilityVersion = "Xcode 11.0";
			developmentRegion = en;
			hasScannedForEncodings = 0;
			knownRegions = (
				en,
				Base,
			);
			mainGroup = 368D58A6239C375400E4F1EE;
			productRefGroup = 368D58B0239C375400E4F1EE /* Products */;
			projectDirPath = "";
			projectRoot = "";
			targets = (
				368D58AE239C375400E4F1EE /* todo-list */,
			);
		};
/* End PBXProject section */

/* Begin PBXResourcesBuildPhase section */
		368D58AD239C375400E4F1EE /* Resources */ = {
			isa = PBXResourcesBuildPhase;
			buildActionMask = 2147483647;
			files = (
				368D58E2239C693F00E4F1EE /* LaunchScreen.storyboard in Resources */,
				368D58D7239C546100E4F1EE /* Main.storyboard in Resources */,
				368D58BC239C375A00E4F1EE /* Assets.xcassets in Resources */,
			);
			runOnlyForDeploymentPostprocessing = 0;
		};
/* End PBXResourcesBuildPhase section */

/* Begin PBXShellScriptBuildPhase section */
		8A28E637A4A5771E827A865B /* [CP] Embed Pods Frameworks */ = {
			isa = PBXShellScriptBuildPhase;
			buildActionMask = 2147483647;
			files = (
			);
			inputFileListPaths = (
				"${PODS_ROOT}/Target Support Files/Pods-todo-list/Pods-todo-list-frameworks-${CONFIGURATION}-input-files.xcfilelist",
			);
			name = "[CP] Embed Pods Frameworks";
			outputFileListPaths = (
				"${PODS_ROOT}/Target Support Files/Pods-todo-list/Pods-todo-list-frameworks-${CONFIGURATION}-output-files.xcfilelist",
			);
			runOnlyForDeploymentPostprocessing = 0;
			shellPath = /bin/sh;
			shellScript = "\"${PODS_ROOT}/Target Support Files/Pods-todo-list/Pods-todo-list-frameworks.sh\"\n";
			showEnvVarsInLog = 0;
		};
		C0021161915A3C62BA0D6D22 /* [CP] Check Pods Manifest.lock */ = {
			isa = PBXShellScriptBuildPhase;
			buildActionMask = 2147483647;
			files = (
			);
			inputFileListPaths = (
			);
			inputPaths = (
				"${PODS_PODFILE_DIR_PATH}/Podfile.lock",
				"${PODS_ROOT}/Manifest.lock",
			);
			name = "[CP] Check Pods Manifest.lock";
			outputFileListPaths = (
			);
			outputPaths = (
				"$(DERIVED_FILE_DIR)/Pods-todo-list-checkManifestLockResult.txt",
			);
			runOnlyForDeploymentPostprocessing = 0;
			shellPath = /bin/sh;
			shellScript = "diff \"${PODS_PODFILE_DIR_PATH}/Podfile.lock\" \"${PODS_ROOT}/Manifest.lock\" > /dev/null\nif [ $? != 0 ] ; then\n    # print error to STDERR\n    echo \"error: The sandbox is not in sync with the Podfile.lock. Run 'pod install' or update your CocoaPods installation.\" >&2\n    exit 1\nfi\n# This output is used by Xcode 'outputs' to avoid re-running this script phase.\necho \"SUCCESS\" > \"${SCRIPT_OUTPUT_FILE_0}\"\n";
			showEnvVarsInLog = 0;
		};
/* End PBXShellScriptBuildPhase section */

/* Begin PBXSourcesBuildPhase section */
		368D58AB239C375400E4F1EE /* Sources */ = {
			isa = PBXSourcesBuildPhase;
			buildActionMask = 2147483647;
			files = (
				368D58E4239C6DC300E4F1EE /* item.swift in Sources */,
				3622FDDD239DBC1F00B942D1 /* NewTodoViewController.swift in Sources */,
				368D58E7239C702200E4F1EE /* CustomTableViewCell.swift in Sources */,
				3622FDE0239DBD2300B942D1 /* StorageData.swift in Sources */,
				368D58D3239C53EE00E4F1EE /* TodoListViewController.swift in Sources */,
				368D58B3239C375400E4F1EE /* AppDelegate.swift in Sources */,
				368D58B5239C375400E4F1EE /* SceneDelegate.swift in Sources */,
				36DBAD11239E521200DEC171 /* CloudManager.swift in Sources */,
			);
			runOnlyForDeploymentPostprocessing = 0;
		};
/* End PBXSourcesBuildPhase section */

/* Begin XCBuildConfiguration section */
		368D58C4239C375A00E4F1EE /* Debug */ = {
			isa = XCBuildConfiguration;
			buildSettings = {
				ALWAYS_SEARCH_USER_PATHS = NO;
				CLANG_ANALYZER_NONNULL = YES;
				CLANG_ANALYZER_NUMBER_OBJECT_CONVERSION = YES_AGGRESSIVE;
				CLANG_CXX_LANGUAGE_STANDARD = "gnu++14";
				CLANG_CXX_LIBRARY = "libc++";
				CLANG_ENABLE_MODULES = YES;
				CLANG_ENABLE_OBJC_ARC = YES;
				CLANG_ENABLE_OBJC_WEAK = YES;
				CLANG_WARN_BLOCK_CAPTURE_AUTORELEASING = YES;
				CLANG_WARN_BOOL_CONVERSION = YES;
				CLANG_WARN_COMMA = YES;
				CLANG_WARN_CONSTANT_CONVERSION = YES;
				CLANG_WARN_DEPRECATED_OBJC_IMPLEMENTATIONS = YES;
				CLANG_WARN_DIRECT_OBJC_ISA_USAGE = YES_ERROR;
				CLANG_WARN_DOCUMENTATION_COMMENTS = YES;
				CLANG_WARN_EMPTY_BODY = YES;
				CLANG_WARN_ENUM_CONVERSION = YES;
				CLANG_WARN_INFINITE_RECURSION = YES;
				CLANG_WARN_INT_CONVERSION = YES;
				CLANG_WARN_NON_LITERAL_NULL_CONVERSION = YES;
				CLANG_WARN_OBJC_IMPLICIT_RETAIN_SELF = YES;
				CLANG_WARN_OBJC_LITERAL_CONVERSION = YES;
				CLANG_WARN_OBJC_ROOT_CLASS = YES_ERROR;
				CLANG_WARN_RANGE_LOOP_ANALYSIS = YES;
				CLANG_WARN_STRICT_PROTOTYPES = YES;
				CLANG_WARN_SUSPICIOUS_MOVE = YES;
				CLANG_WARN_UNGUARDED_AVAILABILITY = YES_AGGRESSIVE;
				CLANG_WARN_UNREACHABLE_CODE = YES;
				CLANG_WARN__DUPLICATE_METHOD_MATCH = YES;
				COPY_PHASE_STRIP = NO;
				DEBUG_INFORMATION_FORMAT = dwarf;
				ENABLE_STRICT_OBJC_MSGSEND = YES;
				ENABLE_TESTABILITY = YES;
				GCC_C_LANGUAGE_STANDARD = gnu11;
				GCC_DYNAMIC_NO_PIC = NO;
				GCC_NO_COMMON_BLOCKS = YES;
				GCC_OPTIMIZATION_LEVEL = 0;
				GCC_PREPROCESSOR_DEFINITIONS = (
					"DEBUG=1",
					"$(inherited)",
				);
				GCC_WARN_64_TO_32_BIT_CONVERSION = YES;
				GCC_WARN_ABOUT_RETURN_TYPE = YES_ERROR;
				GCC_WARN_UNDECLARED_SELECTOR = YES;
				GCC_WARN_UNINITIALIZED_AUTOS = YES_AGGRESSIVE;
				GCC_WARN_UNUSED_FUNCTION = YES;
				GCC_WARN_UNUSED_VARIABLE = YES;
				IPHONEOS_DEPLOYMENT_TARGET = 13.1;
				MTL_ENABLE_DEBUG_INFO = INCLUDE_SOURCE;
				MTL_FAST_MATH = YES;
				ONLY_ACTIVE_ARCH = YES;
				SDKROOT = iphoneos;
				SWIFT_ACTIVE_COMPILATION_CONDITIONS = DEBUG;
				SWIFT_OPTIMIZATION_LEVEL = "-Onone";
			};
			name = Debug;
		};
		368D58C5239C375A00E4F1EE /* Release */ = {
			isa = XCBuildConfiguration;
			buildSettings = {
				ALWAYS_SEARCH_USER_PATHS = NO;
				CLANG_ANALYZER_NONNULL = YES;
				CLANG_ANALYZER_NUMBER_OBJECT_CONVERSION = YES_AGGRESSIVE;
				CLANG_CXX_LANGUAGE_STANDARD = "gnu++14";
				CLANG_CXX_LIBRARY = "libc++";
				CLANG_ENABLE_MODULES = YES;
				CLANG_ENABLE_OBJC_ARC = YES;
				CLANG_ENABLE_OBJC_WEAK = YES;
				CLANG_WARN_BLOCK_CAPTURE_AUTORELEASING = YES;
				CLANG_WARN_BOOL_CONVERSION = YES;
				CLANG_WARN_COMMA = YES;
				CLANG_WARN_CONSTANT_CONVERSION = YES;
				CLANG_WARN_DEPRECATED_OBJC_IMPLEMENTATIONS = YES;
				CLANG_WARN_DIRECT_OBJC_ISA_USAGE = YES_ERROR;
				CLANG_WARN_DOCUMENTATION_COMMENTS = YES;
				CLANG_WARN_EMPTY_BODY = YES;
				CLANG_WARN_ENUM_CONVERSION = YES;
				CLANG_WARN_INFINITE_RECURSION = YES;
				CLANG_WARN_INT_CONVERSION = YES;
				CLANG_WARN_NON_LITERAL_NULL_CONVERSION = YES;
				CLANG_WARN_OBJC_IMPLICIT_RETAIN_SELF = YES;
				CLANG_WARN_OBJC_LITERAL_CONVERSION = YES;
				CLANG_WARN_OBJC_ROOT_CLASS = YES_ERROR;
				CLANG_WARN_RANGE_LOOP_ANALYSIS = YES;
				CLANG_WARN_STRICT_PROTOTYPES = YES;
				CLANG_WARN_SUSPICIOUS_MOVE = YES;
				CLANG_WARN_UNGUARDED_AVAILABILITY = YES_AGGRESSIVE;
				CLANG_WARN_UNREACHABLE_CODE = YES;
				CLANG_WARN__DUPLICATE_METHOD_MATCH = YES;
				COPY_PHASE_STRIP = NO;
				DEBUG_INFORMATION_FORMAT = "dwarf-with-dsym";
				ENABLE_NS_ASSERTIONS = NO;
				ENABLE_STRICT_OBJC_MSGSEND = YES;
				GCC_C_LANGUAGE_STANDARD = gnu11;
				GCC_NO_COMMON_BLOCKS = YES;
				GCC_WARN_64_TO_32_BIT_CONVERSION = YES;
				GCC_WARN_ABOUT_RETURN_TYPE = YES_ERROR;
				GCC_WARN_UNDECLARED_SELECTOR = YES;
				GCC_WARN_UNINITIALIZED_AUTOS = YES_AGGRESSIVE;
				GCC_WARN_UNUSED_FUNCTION = YES;
				GCC_WARN_UNUSED_VARIABLE = YES;
				IPHONEOS_DEPLOYMENT_TARGET = 13.1;
				MTL_ENABLE_DEBUG_INFO = NO;
				MTL_FAST_MATH = YES;
				SDKROOT = iphoneos;
				SWIFT_COMPILATION_MODE = wholemodule;
				SWIFT_OPTIMIZATION_LEVEL = "-O";
				VALIDATE_PRODUCT = YES;
			};
			name = Release;
		};
		368D58C7239C375A00E4F1EE /* Debug */ = {
			isa = XCBuildConfiguration;
			baseConfigurationReference = FBFBD15CD32BE9E94AD976B9 /* Pods-todo-list.debug.xcconfig */;
			buildSettings = {
				ASSETCATALOG_COMPILER_APPICON_NAME = AppIcon;
				CODE_SIGN_ENTITLEMENTS = "todo-list/Support FIles/todo-list.entitlements";
				CODE_SIGN_STYLE = Automatic;
				DEVELOPMENT_ASSET_PATHS = "";
				DEVELOPMENT_TEAM = 8TRXJMB353;
				ENABLE_PREVIEWS = YES;
				INFOPLIST_FILE = "todo-list/Info.plist";
				LD_RUNPATH_SEARCH_PATHS = (
					"$(inherited)",
					"@executable_path/Frameworks",
				);
				PRODUCT_BUNDLE_IDENTIFIER = "website.bnff.todo-list";
				PRODUCT_NAME = "$(TARGET_NAME)";
				SWIFT_VERSION = 5.0;
				TARGETED_DEVICE_FAMILY = "1,2";
			};
			name = Debug;
		};
		368D58C8239C375A00E4F1EE /* Release */ = {
			isa = XCBuildConfiguration;
			baseConfigurationReference = 4DBFF8D99C7E0A4158CF73C9 /* Pods-todo-list.release.xcconfig */;
			buildSettings = {
				ASSETCATALOG_COMPILER_APPICON_NAME = AppIcon;
				CODE_SIGN_ENTITLEMENTS = "todo-list/Support FIles/todo-list.entitlements";
				CODE_SIGN_STYLE = Automatic;
				DEVELOPMENT_ASSET_PATHS = "";
				DEVELOPMENT_TEAM = 8TRXJMB353;
				ENABLE_PREVIEWS = YES;
				INFOPLIST_FILE = "todo-list/Info.plist";
				LD_RUNPATH_SEARCH_PATHS = (
					"$(inherited)",
					"@executable_path/Frameworks",
				);
				PRODUCT_BUNDLE_IDENTIFIER = "website.bnff.todo-list";
				PRODUCT_NAME = "$(TARGET_NAME)";
				SWIFT_VERSION = 5.0;
				TARGETED_DEVICE_FAMILY = "1,2";
			};
			name = Release;
		};
/* End XCBuildConfiguration section */

/* Begin XCConfigurationList section */
		368D58AA239C375400E4F1EE /* Build configuration list for PBXProject "todo-list" */ = {
			isa = XCConfigurationList;
			buildConfigurations = (
				368D58C4239C375A00E4F1EE /* Debug */,
				368D58C5239C375A00E4F1EE /* Release */,
			);
			defaultConfigurationIsVisible = 0;
			defaultConfigurationName = Release;
		};
		368D58C6239C375A00E4F1EE /* Build configuration list for PBXNativeTarget "todo-list" */ = {
			isa = XCConfigurationList;
			buildConfigurations = (
				368D58C7239C375A00E4F1EE /* Debug */,
				368D58C8239C375A00E4F1EE /* Release */,
			);
			defaultConfigurationIsVisible = 0;
			defaultConfigurationName = Release;
		};
/* End XCConfigurationList section */
	};
	rootObject = 368D58A7239C375400E4F1EE /* Project object */;
}
